
Microsoft Visual Studio Solution File, Format Version 11.00
# Visual Studio 2010
Project("{FAE04EC0-301F-11D3-BF4B-00C04F79EFBC}") = "Assembly-CSharp", "Assembly-CSharp.csproj", "{91607F64-E74F-AE70-A0B2-F1D6228F578B}"
EndProject
Project("{FAE04EC0-301F-11D3-BF4B-00C04F79EFBC}") = "EditorMigrationScripts", "EditorMigrationScripts.csproj", "{7A260D89-8748-72A9-090D-9ADF38BA6BFE}"
EndProject
Global
	GlobalSection(SolutionConfigurationPlatforms) = preSolution
		Debug|Any CPU = Debug|Any CPU
		Release|Any CPU = Release|Any CPU
	EndGlobalSection
	GlobalSection(ProjectConfigurationPlatforms) = postSolution
		{91607F64-E74F-AE70-A0B2-F1D6228F578B}.Debug|Any CPU.ActiveCfg = Debug|Any CPU
		{91607F64-E74F-AE70-A0B2-F1D6228F578B}.Debug|Any CPU.Build.0 = Debug|Any CPU
		{91607F64-E74F-AE70-A0B2-F1D6228F578B}.Release|Any CPU.ActiveCfg = Release|Any CPU
		{91607F64-E74F-AE70-A0B2-F1D6228F578B}.Release|Any CPU.Build.0 = Release|Any CPU
		{7A260D89-8748-72A9-090D-9ADF38BA6BFE}.Debug|Any CPU.ActiveCfg = Debug|Any CPU
		{7A260D89-8748-72A9-090D-9ADF38BA6BFE}.Debug|Any CPU.Build.0 = Debug|Any CPU
		{7A260D89-8748-72A9-090D-9ADF38BA6BFE}.Release|Any CPU.ActiveCfg = Release|Any CPU
		{7A260D89-8748-72A9-090D-9ADF38BA6BFE}.Release|Any CPU.Build.0 = Release|Any CPU
	EndGlobalSection
	GlobalSection(SolutionProperties) = preSolution
		HideSolutionNode = FALSE
	EndGlobalSection
EndGlobal
